
Microsoft Visual Studio Solution File, Format Version 12.00
# Visual Studio Version 16
VisualStudioVersion = 16.0.29911.84
MinimumVisualStudioVersion = 10.0.40219.1
Project("{FAE04EC0-301F-11D3-BF4B-00C04F79EFBC}") = "FutbalVilleBlazor", "FutbalVilleBlazor\FutbalVilleBlazor.csproj", "{F9F89F00-BDCF-4C7E-97F2-BFF097FF0167}"
EndProject
Global
	GlobalSection(SolutionConfigurationPlatforms) = preSolution
		Debug|Any CPU = Debug|Any CPU
		Release|Any CPU = Release|Any CPU
	EndGlobalSection
	GlobalSection(ProjectConfigurationPlatforms) = postSolution
		{F9F89F00-BDCF-4C7E-97F2-BFF097FF0167}.Debug|Any CPU.ActiveCfg = Debug|Any CPU
		{F9F89F00-BDCF-4C7E-97F2-BFF097FF0167}.Debug|Any CPU.Build.0 = Debug|Any CPU
		{F9F89F00-BDCF-4C7E-97F2-BFF097FF0167}.Release|Any CPU.ActiveCfg = Release|Any CPU
		{F9F89F00-BDCF-4C7E-97F2-BFF097FF0167}.Release|Any CPU.Build.0 = Release|Any CPU
	EndGlobalSection
	GlobalSection(SolutionProperties) = preSolution
		HideSolutionNode = FALSE
	EndGlobalSection
	GlobalSection(ExtensibilityGlobals) = postSolution
		SolutionGuid = {6833C967-31E9-4AA6-9528-C868922B5925}
	EndGlobalSection
EndGlobal
